// !$*UTF8*$!
{
	archiveVersion = 1;
	classes = {
	};
	objectVersion = 56;
	objects = {

/* Begin PBXBuildFile section */
		EB53C1FC2C595F7600D4810E /* SwiftConcurrencyApp.swift in Sources */ = {isa = PBXBuildFile; fileRef = EB53C1FB2C595F7600D4810E /* SwiftConcurrencyApp.swift */; };
		EB53C1FE2C595F7600D4810E /* ContentView.swift in Sources */ = {isa = PBXBuildFile; fileRef = EB53C1FD2C595F7600D4810E /* ContentView.swift */; };
		EB53C2002C595F7700D4810E /* Assets.xcassets in Resources */ = {isa = PBXBuildFile; fileRef = EB53C1FF2C595F7700D4810E /* Assets.xcassets */; };
		EB53C2032C595F7700D4810E /* Preview Assets.xcassets in Resources */ = {isa = PBXBuildFile; fileRef = EB53C2022C595F7700D4810E /* Preview Assets.xcassets */; };
		EB53C20D2C595F7700D4810E /* SwiftConcurrencyTests.swift in Sources */ = {isa = PBXBuildFile; fileRef = EB53C20C2C595F7700D4810E /* SwiftConcurrencyTests.swift */; };
		EB53C2172C595F7700D4810E /* SwiftConcurrencyUITests.swift in Sources */ = {isa = PBXBuildFile; fileRef = EB53C2162C595F7700D4810E /* SwiftConcurrencyUITests.swift */; };
		EB53C2192C595F7700D4810E /* SwiftConcurrencyUITestsLaunchTests.swift in Sources */ = {isa = PBXBuildFile; fileRef = EB53C2182C595F7700D4810E /* SwiftConcurrencyUITestsLaunchTests.swift */; };
		EB7771862C5A8D90002C2653 /* AsyncAwaitSection.swift in Sources */ = {isa = PBXBuildFile; fileRef = EB7771852C5A8D90002C2653 /* AsyncAwaitSection.swift */; };
		EB7771882C5A9B7B002C2653 /* TaskSection.swift in Sources */ = {isa = PBXBuildFile; fileRef = EB7771872C5A9B7B002C2653 /* TaskSection.swift */; };
		EB77718A2C5AD61C002C2653 /* AsyncLetSection.swift in Sources */ = {isa = PBXBuildFile; fileRef = EB7771892C5AD61C002C2653 /* AsyncLetSection.swift */; };
		EB77718C2C5AE8F2002C2653 /* TaskGroupSection.swift in Sources */ = {isa = PBXBuildFile; fileRef = EB77718B2C5AE8F2002C2653 /* TaskGroupSection.swift */; };
		EB77718E2C5AE94F002C2653 /* SharedStructs.swift in Sources */ = {isa = PBXBuildFile; fileRef = EB77718D2C5AE94F002C2653 /* SharedStructs.swift */; };
		EBBFB5E22C5BE81C00A428C1 /* CheckedContinuationSection.swift in Sources */ = {isa = PBXBuildFile; fileRef = EBBFB5E12C5BE81C00A428C1 /* CheckedContinuationSection.swift */; };
		EBD82A552C5975F700148D27 /* DoTryCatchThrowsSection.swift in Sources */ = {isa = PBXBuildFile; fileRef = EBD82A542C5975F700148D27 /* DoTryCatchThrowsSection.swift */; };
		EBD82A572C598E5700148D27 /* DownloadImageSection.swift in Sources */ = {isa = PBXBuildFile; fileRef = EBD82A562C598E5700148D27 /* DownloadImageSection.swift */; };
/* End PBXBuildFile section */

/* Begin PBXContainerItemProxy section */
		EB53C2092C595F7700D4810E /* PBXContainerItemProxy */ = {
			isa = PBXContainerItemProxy;
			containerPortal = EB53C1F02C595F7600D4810E /* Project object */;
			proxyType = 1;
			remoteGlobalIDString = EB53C1F72C595F7600D4810E;
			remoteInfo = SwiftConcurrency;
		};
		EB53C2132C595F7700D4810E /* PBXContainerItemProxy */ = {
			isa = PBXContainerItemProxy;
			containerPortal = EB53C1F02C595F7600D4810E /* Project object */;
			proxyType = 1;
			remoteGlobalIDString = EB53C1F72C595F7600D4810E;
			remoteInfo = SwiftConcurrency;
		};
/* End PBXContainerItemProxy section */

/* Begin PBXFileReference section */
		EB53C1F82C595F7600D4810E /* SwiftConcurrency.app */ = {isa = PBXFileReference; explicitFileType = wrapper.application; includeInIndex = 0; path = SwiftConcurrency.app; sourceTree = BUILT_PRODUCTS_DIR; };
		EB53C1FB2C595F7600D4810E /* SwiftConcurrencyApp.swift */ = {isa = PBXFileReference; lastKnownFileType = sourcecode.swift; path = SwiftConcurrencyApp.swift; sourceTree = "<group>"; };
		EB53C1FD2C595F7600D4810E /* ContentView.swift */ = {isa = PBXFileReference; lastKnownFileType = sourcecode.swift; path = ContentView.swift; sourceTree = "<group>"; };
		EB53C1FF2C595F7700D4810E /* Assets.xcassets */ = {isa = PBXFileReference; lastKnownFileType = folder.assetcatalog; path = Assets.xcassets; sourceTree = "<group>"; };
		EB53C2022C595F7700D4810E /* Preview Assets.xcassets */ = {isa = PBXFileReference; lastKnownFileType = folder.assetcatalog; path = "Preview Assets.xcassets"; sourceTree = "<group>"; };
		EB53C2082C595F7700D4810E /* SwiftConcurrencyTests.xctest */ = {isa = PBXFileReference; explicitFileType = wrapper.cfbundle; includeInIndex = 0; path = SwiftConcurrencyTests.xctest; sourceTree = BUILT_PRODUCTS_DIR; };
		EB53C20C2C595F7700D4810E /* SwiftConcurrencyTests.swift */ = {isa = PBXFileReference; lastKnownFileType = sourcecode.swift; path = SwiftConcurrencyTests.swift; sourceTree = "<group>"; };
		EB53C2122C595F7700D4810E /* SwiftConcurrencyUITests.xctest */ = {isa = PBXFileReference; explicitFileType = wrapper.cfbundle; includeInIndex = 0; path = SwiftConcurrencyUITests.xctest; sourceTree = BUILT_PRODUCTS_DIR; };
		EB53C2162C595F7700D4810E /* SwiftConcurrencyUITests.swift */ = {isa = PBXFileReference; lastKnownFileType = sourcecode.swift; path = SwiftConcurrencyUITests.swift; sourceTree = "<group>"; };
		EB53C2182C595F7700D4810E /* SwiftConcurrencyUITestsLaunchTests.swift */ = {isa = PBXFileReference; lastKnownFileType = sourcecode.swift; path = SwiftConcurrencyUITestsLaunchTests.swift; sourceTree = "<group>"; };
		EB7771852C5A8D90002C2653 /* AsyncAwaitSection.swift */ = {isa = PBXFileReference; lastKnownFileType = sourcecode.swift; path = AsyncAwaitSection.swift; sourceTree = "<group>"; };
		EB7771872C5A9B7B002C2653 /* TaskSection.swift */ = {isa = PBXFileReference; lastKnownFileType = sourcecode.swift; path = TaskSection.swift; sourceTree = "<group>"; };
		EB7771892C5AD61C002C2653 /* AsyncLetSection.swift */ = {isa = PBXFileReference; lastKnownFileType = sourcecode.swift; path = AsyncLetSection.swift; sourceTree = "<group>"; };
		EB77718B2C5AE8F2002C2653 /* TaskGroupSection.swift */ = {isa = PBXFileReference; lastKnownFileType = sourcecode.swift; path = TaskGroupSection.swift; sourceTree = "<group>"; };
		EB77718D2C5AE94F002C2653 /* SharedStructs.swift */ = {isa = PBXFileReference; lastKnownFileType = sourcecode.swift; path = SharedStructs.swift; sourceTree = "<group>"; };
		EBBFB5E12C5BE81C00A428C1 /* CheckedContinuationSection.swift */ = {isa = PBXFileReference; lastKnownFileType = sourcecode.swift; path = CheckedContinuationSection.swift; sourceTree = "<group>"; };
		EBD82A542C5975F700148D27 /* DoTryCatchThrowsSection.swift */ = {isa = PBXFileReference; lastKnownFileType = sourcecode.swift; path = DoTryCatchThrowsSection.swift; sourceTree = "<group>"; };
		EBD82A562C598E5700148D27 /* DownloadImageSection.swift */ = {isa = PBXFileReference; lastKnownFileType = sourcecode.swift; path = DownloadImageSection.swift; sourceTree = "<group>"; };
/* End PBXFileReference section */

/* Begin PBXFrameworksBuildPhase section */
		EB53C1F52C595F7600D4810E /* Frameworks */ = {
			isa = PBXFrameworksBuildPhase;
			buildActionMask = 2147483647;
			files = (
			);
			runOnlyForDeploymentPostprocessing = 0;
		};
		EB53C2052C595F7700D4810E /* Frameworks */ = {
			isa = PBXFrameworksBuildPhase;
			buildActionMask = 2147483647;
			files = (
			);
			runOnlyForDeploymentPostprocessing = 0;
		};
		EB53C20F2C595F7700D4810E /* Frameworks */ = {
			isa = PBXFrameworksBuildPhase;
			buildActionMask = 2147483647;
			files = (
			);
			runOnlyForDeploymentPostprocessing = 0;
		};
/* End PBXFrameworksBuildPhase section */

/* Begin PBXGroup section */
		EB53C1EF2C595F7600D4810E = {
			isa = PBXGroup;
			children = (
				EB53C1FA2C595F7600D4810E /* SwiftConcurrency */,
				EB53C20B2C595F7700D4810E /* SwiftConcurrencyTests */,
				EB53C2152C595F7700D4810E /* SwiftConcurrencyUITests */,
				EB53C1F92C595F7600D4810E /* Products */,
			);
			sourceTree = "<group>";
		};
		EB53C1F92C595F7600D4810E /* Products */ = {
			isa = PBXGroup;
			children = (
				EB53C1F82C595F7600D4810E /* SwiftConcurrency.app */,
				EB53C2082C595F7700D4810E /* SwiftConcurrencyTests.xctest */,
				EB53C2122C595F7700D4810E /* SwiftConcurrencyUITests.xctest */,
			);
			name = Products;
			sourceTree = "<group>";
		};
		EB53C1FA2C595F7600D4810E /* SwiftConcurrency */ = {
			isa = PBXGroup;
			children = (
				EBD82A532C5975B000148D27 /* Playground */,
				EB53C1FB2C595F7600D4810E /* SwiftConcurrencyApp.swift */,
				EB53C1FD2C595F7600D4810E /* ContentView.swift */,
				EB53C1FF2C595F7700D4810E /* Assets.xcassets */,
				EB53C2012C595F7700D4810E /* Preview Content */,
			);
			path = SwiftConcurrency;
			sourceTree = "<group>";
		};
		EB53C2012C595F7700D4810E /* Preview Content */ = {
			isa = PBXGroup;
			children = (
				EB53C2022C595F7700D4810E /* Preview Assets.xcassets */,
			);
			path = "Preview Content";
			sourceTree = "<group>";
		};
		EB53C20B2C595F7700D4810E /* SwiftConcurrencyTests */ = {
			isa = PBXGroup;
			children = (
				EB53C20C2C595F7700D4810E /* SwiftConcurrencyTests.swift */,
			);
			path = SwiftConcurrencyTests;
			sourceTree = "<group>";
		};
		EB53C2152C595F7700D4810E /* SwiftConcurrencyUITests */ = {
			isa = PBXGroup;
			children = (
				EB53C2162C595F7700D4810E /* SwiftConcurrencyUITests.swift */,
				EB53C2182C595F7700D4810E /* SwiftConcurrencyUITestsLaunchTests.swift */,
			);
			path = SwiftConcurrencyUITests;
			sourceTree = "<group>";
		};
		EBD82A532C5975B000148D27 /* Playground */ = {
			isa = PBXGroup;
			children = (
				EBD82A542C5975F700148D27 /* DoTryCatchThrowsSection.swift */,
				EBD82A562C598E5700148D27 /* DownloadImageSection.swift */,
				EB7771852C5A8D90002C2653 /* AsyncAwaitSection.swift */,
				EB7771872C5A9B7B002C2653 /* TaskSection.swift */,
				EB7771892C5AD61C002C2653 /* AsyncLetSection.swift */,
				EB77718B2C5AE8F2002C2653 /* TaskGroupSection.swift */,
				EB77718D2C5AE94F002C2653 /* SharedStructs.swift */,
				EBBFB5E12C5BE81C00A428C1 /* CheckedContinuationSection.swift */,
			);
			path = Playground;
			sourceTree = "<group>";
		};
/* End PBXGroup section */

/* Begin PBXNativeTarget section */
		EB53C1F72C595F7600D4810E /* SwiftConcurrency */ = {
			isa = PBXNativeTarget;
			buildConfigurationList = EB53C21C2C595F7700D4810E /* Build configuration list for PBXNativeTarget "SwiftConcurrency" */;
			buildPhases = (
				EB53C1F42C595F7600D4810E /* Sources */,
				EB53C1F52C595F7600D4810E /* Frameworks */,
				EB53C1F62C595F7600D4810E /* Resources */,
			);
			buildRules = (
			);
			dependencies = (
			);
			name = SwiftConcurrency;
			productName = SwiftConcurrency;
			productReference = EB53C1F82C595F7600D4810E /* SwiftConcurrency.app */;
			productType = "com.apple.product-type.application";
		};
		EB53C2072C595F7700D4810E /* SwiftConcurrencyTests */ = {
			isa = PBXNativeTarget;
			buildConfigurationList = EB53C21F2C595F7700D4810E /* Build configuration list for PBXNativeTarget "SwiftConcurrencyTests" */;
			buildPhases = (
				EB53C2042C595F7700D4810E /* Sources */,
				EB53C2052C595F7700D4810E /* Frameworks */,
				EB53C2062C595F7700D4810E /* Resources */,
			);
			buildRules = (
			);
			dependencies = (
				EB53C20A2C595F7700D4810E /* PBXTargetDependency */,
			);
			name = SwiftConcurrencyTests;
			productName = SwiftConcurrencyTests;
			productReference = EB53C2082C595F7700D4810E /* SwiftConcurrencyTests.xctest */;
			productType = "com.apple.product-type.bundle.unit-test";
		};
		EB53C2112C595F7700D4810E /* SwiftConcurrencyUITests */ = {
			isa = PBXNativeTarget;
			buildConfigurationList = EB53C2222C595F7700D4810E /* Build configuration list for PBXNativeTarget "SwiftConcurrencyUITests" */;
			buildPhases = (
				EB53C20E2C595F7700D4810E /* Sources */,
				EB53C20F2C595F7700D4810E /* Frameworks */,
				EB53C2102C595F7700D4810E /* Resources */,
			);
			buildRules = (
			);
			dependencies = (
				EB53C2142C595F7700D4810E /* PBXTargetDependency */,
			);
			name = SwiftConcurrencyUITests;
			productName = SwiftConcurrencyUITests;
			productReference = EB53C2122C595F7700D4810E /* SwiftConcurrencyUITests.xctest */;
			productType = "com.apple.product-type.bundle.ui-testing";
		};
/* End PBXNativeTarget section */

/* Begin PBXProject section */
		EB53C1F02C595F7600D4810E /* Project object */ = {
			isa = PBXProject;
			attributes = {
				BuildIndependentTargetsInParallel = 1;
				LastSwiftUpdateCheck = 1540;
				LastUpgradeCheck = 1540;
				TargetAttributes = {
					EB53C1F72C595F7600D4810E = {
						CreatedOnToolsVersion = 15.4;
					};
					EB53C2072C595F7700D4810E = {
						CreatedOnToolsVersion = 15.4;
						TestTargetID = EB53C1F72C595F7600D4810E;
					};
					EB53C2112C595F7700D4810E = {
						CreatedOnToolsVersion = 15.4;
						TestTargetID = EB53C1F72C595F7600D4810E;
					};
				};
			};
			buildConfigurationList = EB53C1F32C595F7600D4810E /* Build configuration list for PBXProject "SwiftConcurrency" */;
			compatibilityVersion = "Xcode 14.0";
			developmentRegion = en;
			hasScannedForEncodings = 0;
			knownRegions = (
				en,
				Base,
			);
			mainGroup = EB53C1EF2C595F7600D4810E;
			productRefGroup = EB53C1F92C595F7600D4810E /* Products */;
			projectDirPath = "";
			projectRoot = "";
			targets = (
				EB53C1F72C595F7600D4810E /* SwiftConcurrency */,
				EB53C2072C595F7700D4810E /* SwiftConcurrencyTests */,
				EB53C2112C595F7700D4810E /* SwiftConcurrencyUITests */,
			);
		};
/* End PBXProject section */

/* Begin PBXResourcesBuildPhase section */
		EB53C1F62C595F7600D4810E /* Resources */ = {
			isa = PBXResourcesBuildPhase;
			buildActionMask = 2147483647;
			files = (
				EB53C2032C595F7700D4810E /* Preview Assets.xcassets in Resources */,
				EB53C2002C595F7700D4810E /* Assets.xcassets in Resources */,
			);
			runOnlyForDeploymentPostprocessing = 0;
		};
		EB53C2062C595F7700D4810E /* Resources */ = {
			isa = PBXResourcesBuildPhase;
			buildActionMask = 2147483647;
			files = (
			);
			runOnlyForDeploymentPostprocessing = 0;
		};
		EB53C2102C595F7700D4810E /* Resources */ = {
			isa = PBXResourcesBuildPhase;
			buildActionMask = 2147483647;
			files = (
			);
			runOnlyForDeploymentPostprocessing = 0;
		};
/* End PBXResourcesBuildPhase section */

/* Begin PBXSourcesBuildPhase section */
		EB53C1F42C595F7600D4810E /* Sources */ = {
			isa = PBXSourcesBuildPhase;
			buildActionMask = 2147483647;
			files = (
				EB53C1FE2C595F7600D4810E /* ContentView.swift in Sources */,
				EBD82A572C598E5700148D27 /* DownloadImageSection.swift in Sources */,
				EB77718A2C5AD61C002C2653 /* AsyncLetSection.swift in Sources */,
				EBD82A552C5975F700148D27 /* DoTryCatchThrowsSection.swift in Sources */,
				EB77718E2C5AE94F002C2653 /* SharedStructs.swift in Sources */,
				EB53C1FC2C595F7600D4810E /* SwiftConcurrencyApp.swift in Sources */,
				EBBFB5E22C5BE81C00A428C1 /* CheckedContinuationSection.swift in Sources */,
				EB7771882C5A9B7B002C2653 /* TaskSection.swift in Sources */,
				EB77718C2C5AE8F2002C2653 /* TaskGroupSection.swift in Sources */,
				EB7771862C5A8D90002C2653 /* AsyncAwaitSection.swift in Sources */,
			);
			runOnlyForDeploymentPostprocessing = 0;
		};
		EB53C2042C595F7700D4810E /* Sources */ = {
			isa = PBXSourcesBuildPhase;
			buildActionMask = 2147483647;
			files = (
				EB53C20D2C595F7700D4810E /* SwiftConcurrencyTests.swift in Sources */,
			);
			runOnlyForDeploymentPostprocessing = 0;
		};
		EB53C20E2C595F7700D4810E /* Sources */ = {
			isa = PBXSourcesBuildPhase;
			buildActionMask = 2147483647;
			files = (
				EB53C2192C595F7700D4810E /* SwiftConcurrencyUITestsLaunchTests.swift in Sources */,
				EB53C2172C595F7700D4810E /* SwiftConcurrencyUITests.swift in Sources */,
			);
			runOnlyForDeploymentPostprocessing = 0;
		};
/* End PBXSourcesBuildPhase section */

/* Begin PBXTargetDependency section */
		EB53C20A2C595F7700D4810E /* PBXTargetDependency */ = {
			isa = PBXTargetDependency;
			target = EB53C1F72C595F7600D4810E /* SwiftConcurrency */;
			targetProxy = EB53C2092C595F7700D4810E /* PBXContainerItemProxy */;
		};
		EB53C2142C595F7700D4810E /* PBXTargetDependency */ = {
			isa = PBXTargetDependency;
			target = EB53C1F72C595F7600D4810E /* SwiftConcurrency */;
			targetProxy = EB53C2132C595F7700D4810E /* PBXContainerItemProxy */;
		};
/* End PBXTargetDependency section */

/* Begin XCBuildConfiguration section */
		EB53C21A2C595F7700D4810E /* Debug */ = {
			isa = XCBuildConfiguration;
			buildSettings = {
				ALWAYS_SEARCH_USER_PATHS = NO;
				ASSETCATALOG_COMPILER_GENERATE_SWIFT_ASSET_SYMBOL_EXTENSIONS = YES;
				CLANG_ANALYZER_NONNULL = YES;
				CLANG_ANALYZER_NUMBER_OBJECT_CONVERSION = YES_AGGRESSIVE;
				CLANG_CXX_LANGUAGE_STANDARD = "gnu++20";
				CLANG_ENABLE_MODULES = YES;
				CLANG_ENABLE_OBJC_ARC = YES;
				CLANG_ENABLE_OBJC_WEAK = YES;
				CLANG_WARN_BLOCK_CAPTURE_AUTORELEASING = YES;
				CLANG_WARN_BOOL_CONVERSION = YES;
				CLANG_WARN_COMMA = YES;
				CLANG_WARN_CONSTANT_CONVERSION = YES;
				CLANG_WARN_DEPRECATED_OBJC_IMPLEMENTATIONS = YES;
				CLANG_WARN_DIRECT_OBJC_ISA_USAGE = YES_ERROR;
				CLANG_WARN_DOCUMENTATION_COMMENTS = YES;
				CLANG_WARN_EMPTY_BODY = YES;
				CLANG_WARN_ENUM_CONVERSION = YES;
				CLANG_WARN_INFINITE_RECURSION = YES;
				CLANG_WARN_INT_CONVERSION = YES;
				CLANG_WARN_NON_LITERAL_NULL_CONVERSION = YES;
				CLANG_WARN_OBJC_IMPLICIT_RETAIN_SELF = YES;
				CLANG_WARN_OBJC_LITERAL_CONVERSION = YES;
				CLANG_WARN_OBJC_ROOT_CLASS = YES_ERROR;
				CLANG_WARN_QUOTED_INCLUDE_IN_FRAMEWORK_HEADER = YES;
				CLANG_WARN_RANGE_LOOP_ANALYSIS = YES;
				CLANG_WARN_STRICT_PROTOTYPES = YES;
				CLANG_WARN_SUSPICIOUS_MOVE = YES;
				CLANG_WARN_UNGUARDED_AVAILABILITY = YES_AGGRESSIVE;
				CLANG_WARN_UNREACHABLE_CODE = YES;
				CLANG_WARN__DUPLICATE_METHOD_MATCH = YES;
				COPY_PHASE_STRIP = NO;
				DEBUG_INFORMATION_FORMAT = dwarf;
				ENABLE_STRICT_OBJC_MSGSEND = YES;
				ENABLE_TESTABILITY = YES;
				ENABLE_USER_SCRIPT_SANDBOXING = YES;
				GCC_C_LANGUAGE_STANDARD = gnu17;
				GCC_DYNAMIC_NO_PIC = NO;
				GCC_NO_COMMON_BLOCKS = YES;
				GCC_OPTIMIZATION_LEVEL = 0;
				GCC_PREPROCESSOR_DEFINITIONS = (
					"DEBUG=1",
					"$(inherited)",
				);
				GCC_WARN_64_TO_32_BIT_CONVERSION = YES;
				GCC_WARN_ABOUT_RETURN_TYPE = YES_ERROR;
				GCC_WARN_UNDECLARED_SELECTOR = YES;
				GCC_WARN_UNINITIALIZED_AUTOS = YES_AGGRESSIVE;
				GCC_WARN_UNUSED_FUNCTION = YES;
				GCC_WARN_UNUSED_VARIABLE = YES;
				IPHONEOS_DEPLOYMENT_TARGET = 17.5;
				LOCALIZATION_PREFERS_STRING_CATALOGS = YES;
				MTL_ENABLE_DEBUG_INFO = INCLUDE_SOURCE;
				MTL_FAST_MATH = YES;
				ONLY_ACTIVE_ARCH = YES;
				SDKROOT = iphoneos;
				SWIFT_ACTIVE_COMPILATION_CONDITIONS = "DEBUG $(inherited)";
				SWIFT_OPTIMIZATION_LEVEL = "-Onone";
			};
			name = Debug;
		};
		EB53C21B2C595F7700D4810E /* Release */ = {
			isa = XCBuildConfiguration;
			buildSettings = {
				ALWAYS_SEARCH_USER_PATHS = NO;
				ASSETCATALOG_COMPILER_GENERATE_SWIFT_ASSET_SYMBOL_EXTENSIONS = YES;
				CLANG_ANALYZER_NONNULL = YES;
				CLANG_ANALYZER_NUMBER_OBJECT_CONVERSION = YES_AGGRESSIVE;
				CLANG_CXX_LANGUAGE_STANDARD = "gnu++20";
				CLANG_ENABLE_MODULES = YES;
				CLANG_ENABLE_OBJC_ARC = YES;
				CLANG_ENABLE_OBJC_WEAK = YES;
				CLANG_WARN_BLOCK_CAPTURE_AUTORELEASING = YES;
				CLANG_WARN_BOOL_CONVERSION = YES;
				CLANG_WARN_COMMA = YES;
				CLANG_WARN_CONSTANT_CONVERSION = YES;
				CLANG_WARN_DEPRECATED_OBJC_IMPLEMENTATIONS = YES;
				CLANG_WARN_DIRECT_OBJC_ISA_USAGE = YES_ERROR;
				CLANG_WARN_DOCUMENTATION_COMMENTS = YES;
				CLANG_WARN_EMPTY_BODY = YES;
				CLANG_WARN_ENUM_CONVERSION = YES;
				CLANG_WARN_INFINITE_RECURSION = YES;
				CLANG_WARN_INT_CONVERSION = YES;
				CLANG_WARN_NON_LITERAL_NULL_CONVERSION = YES;
				CLANG_WARN_OBJC_IMPLICIT_RETAIN_SELF = YES;
				CLANG_WARN_OBJC_LITERAL_CONVERSION = YES;
				CLANG_WARN_OBJC_ROOT_CLASS = YES_ERROR;
				CLANG_WARN_QUOTED_INCLUDE_IN_FRAMEWORK_HEADER = YES;
				CLANG_WARN_RANGE_LOOP_ANALYSIS = YES;
				CLANG_WARN_STRICT_PROTOTYPES = YES;
				CLANG_WARN_SUSPICIOUS_MOVE = YES;
				CLANG_WARN_UNGUARDED_AVAILABILITY = YES_AGGRESSIVE;
				CLANG_WARN_UNREACHABLE_CODE = YES;
				CLANG_WARN__DUPLICATE_METHOD_MATCH = YES;
				COPY_PHASE_STRIP = NO;
				DEBUG_INFORMATION_FORMAT = "dwarf-with-dsym";
				ENABLE_NS_ASSERTIONS = NO;
				ENABLE_STRICT_OBJC_MSGSEND = YES;
				ENABLE_USER_SCRIPT_SANDBOXING = YES;
				GCC_C_LANGUAGE_STANDARD = gnu17;
				GCC_NO_COMMON_BLOCKS = YES;
				GCC_WARN_64_TO_32_BIT_CONVERSION = YES;
				GCC_WARN_ABOUT_RETURN_TYPE = YES_ERROR;
				GCC_WARN_UNDECLARED_SELECTOR = YES;
				GCC_WARN_UNINITIALIZED_AUTOS = YES_AGGRESSIVE;
				GCC_WARN_UNUSED_FUNCTION = YES;
				GCC_WARN_UNUSED_VARIABLE = YES;
				IPHONEOS_DEPLOYMENT_TARGET = 17.5;
				LOCALIZATION_PREFERS_STRING_CATALOGS = YES;
				MTL_ENABLE_DEBUG_INFO = NO;
				MTL_FAST_MATH = YES;
				SDKROOT = iphoneos;
				SWIFT_COMPILATION_MODE = wholemodule;
				VALIDATE_PRODUCT = YES;
			};
			name = Release;
		};
		EB53C21D2C595F7700D4810E /* Debug */ = {
			isa = XCBuildConfiguration;
			buildSettings = {
				ASSETCATALOG_COMPILER_APPICON_NAME = AppIcon;
				ASSETCATALOG_COMPILER_GLOBAL_ACCENT_COLOR_NAME = AccentColor;
				CODE_SIGN_STYLE = Automatic;
				CURRENT_PROJECT_VERSION = 1;
				DEVELOPMENT_ASSET_PATHS = "\"SwiftConcurrency/Preview Content\"";
				DEVELOPMENT_TEAM = THQHXZM7R8;
				ENABLE_PREVIEWS = YES;
				GENERATE_INFOPLIST_FILE = YES;
				INFOPLIST_KEY_UIApplicationSceneManifest_Generation = YES;
				INFOPLIST_KEY_UIApplicationSupportsIndirectInputEvents = YES;
				INFOPLIST_KEY_UILaunchScreen_Generation = YES;
				INFOPLIST_KEY_UISupportedInterfaceOrientations_iPad = "UIInterfaceOrientationPortrait UIInterfaceOrientationPortraitUpsideDown UIInterfaceOrientationLandscapeLeft UIInterfaceOrientationLandscapeRight";
				INFOPLIST_KEY_UISupportedInterfaceOrientations_iPhone = "UIInterfaceOrientationPortrait UIInterfaceOrientationLandscapeLeft UIInterfaceOrientationLandscapeRight";
				LD_RUNPATH_SEARCH_PATHS = (
					"$(inherited)",
					"@executable_path/Frameworks",
				);
				MARKETING_VERSION = 1.0;
				PRODUCT_BUNDLE_IDENTIFIER = com.grayzhen.SwiftConcurrency;
				PRODUCT_NAME = "$(TARGET_NAME)";
				SWIFT_EMIT_LOC_STRINGS = YES;
				SWIFT_VERSION = 5.0;
				TARGETED_DEVICE_FAMILY = "1,2";
			};
			name = Debug;
		};
		EB53C21E2C595F7700D4810E /* Release */ = {
			isa = XCBuildConfiguration;
			buildSettings = {
				ASSETCATALOG_COMPILER_APPICON_NAME = AppIcon;
				ASSETCATALOG_COMPILER_GLOBAL_ACCENT_COLOR_NAME = AccentColor;
				CODE_SIGN_STYLE = Automatic;
				CURRENT_PROJECT_VERSION = 1;
				DEVELOPMENT_ASSET_PATHS = "\"SwiftConcurrency/Preview Content\"";
				DEVELOPMENT_TEAM = THQHXZM7R8;
				ENABLE_PREVIEWS = YES;
				GENERATE_INFOPLIST_FILE = YES;
				INFOPLIST_KEY_UIApplicationSceneManifest_Generation = YES;
				INFOPLIST_KEY_UIApplicationSupportsIndirectInputEvents = YES;
				INFOPLIST_KEY_UILaunchScreen_Generation = YES;
				INFOPLIST_KEY_UISupportedInterfaceOrientations_iPad = "UIInterfaceOrientationPortrait UIInterfaceOrientationPortraitUpsideDown UIInterfaceOrientationLandscapeLeft UIInterfaceOrientationLandscapeRight";
				INFOPLIST_KEY_UISupportedInterfaceOrientations_iPhone = "UIInterfaceOrientationPortrait UIInterfaceOrientationLandscapeLeft UIInterfaceOrientationLandscapeRight";
				LD_RUNPATH_SEARCH_PATHS = (
					"$(inherited)",
					"@executable_path/Frameworks",
				);
				MARKETING_VERSION = 1.0;
				PRODUCT_BUNDLE_IDENTIFIER = com.grayzhen.SwiftConcurrency;
				PRODUCT_NAME = "$(TARGET_NAME)";
				SWIFT_EMIT_LOC_STRINGS = YES;
				SWIFT_VERSION = 5.0;
				TARGETED_DEVICE_FAMILY = "1,2";
			};
			name = Release;
		};
		EB53C2202C595F7700D4810E /* Debug */ = {
			isa = XCBuildConfiguration;
			buildSettings = {
				ALWAYS_EMBED_SWIFT_STANDARD_LIBRARIES = YES;
				BUNDLE_LOADER = "$(TEST_HOST)";
				CODE_SIGN_STYLE = Automatic;
				CURRENT_PROJECT_VERSION = 1;
				DEVELOPMENT_TEAM = THQHXZM7R8;
				GENERATE_INFOPLIST_FILE = YES;
				IPHONEOS_DEPLOYMENT_TARGET = 17.5;
				MARKETING_VERSION = 1.0;
				PRODUCT_BUNDLE_IDENTIFIER = com.grayzhen.SwiftConcurrencyTests;
				PRODUCT_NAME = "$(TARGET_NAME)";
				SWIFT_EMIT_LOC_STRINGS = NO;
				SWIFT_VERSION = 5.0;
				TARGETED_DEVICE_FAMILY = "1,2";
				TEST_HOST = "$(BUILT_PRODUCTS_DIR)/SwiftConcurrency.app/$(BUNDLE_EXECUTABLE_FOLDER_PATH)/SwiftConcurrency";
			};
			name = Debug;
		};
		EB53C2212C595F7700D4810E /* Release */ = {
			isa = XCBuildConfiguration;
			buildSettings = {
				ALWAYS_EMBED_SWIFT_STANDARD_LIBRARIES = YES;
				BUNDLE_LOADER = "$(TEST_HOST)";
				CODE_SIGN_STYLE = Automatic;
				CURRENT_PROJECT_VERSION = 1;
				DEVELOPMENT_TEAM = THQHXZM7R8;
				GENERATE_INFOPLIST_FILE = YES;
				IPHONEOS_DEPLOYMENT_TARGET = 17.5;
				MARKETING_VERSION = 1.0;
				PRODUCT_BUNDLE_IDENTIFIER = com.grayzhen.SwiftConcurrencyTests;
				PRODUCT_NAME = "$(TARGET_NAME)";
				SWIFT_EMIT_LOC_STRINGS = NO;
				SWIFT_VERSION = 5.0;
				TARGETED_DEVICE_FAMILY = "1,2";
				TEST_HOST = "$(BUILT_PRODUCTS_DIR)/SwiftConcurrency.app/$(BUNDLE_EXECUTABLE_FOLDER_PATH)/SwiftConcurrency";
			};
			name = Release;
		};
		EB53C2232C595F7700D4810E /* Debug */ = {
			isa = XCBuildConfiguration;
			buildSettings = {
				ALWAYS_EMBED_SWIFT_STANDARD_LIBRARIES = YES;
				CODE_SIGN_STYLE = Automatic;
				CURRENT_PROJECT_VERSION = 1;
				DEVELOPMENT_TEAM = THQHXZM7R8;
				GENERATE_INFOPLIST_FILE = YES;
				MARKETING_VERSION = 1.0;
				PRODUCT_BUNDLE_IDENTIFIER = com.grayzhen.SwiftConcurrencyUITests;
				PRODUCT_NAME = "$(TARGET_NAME)";
				SWIFT_EMIT_LOC_STRINGS = NO;
				SWIFT_VERSION = 5.0;
				TARGETED_DEVICE_FAMILY = "1,2";
				TEST_TARGET_NAME = SwiftConcurrency;
			};
			name = Debug;
		};
		EB53C2242C595F7700D4810E /* Release */ = {
			isa = XCBuildConfiguration;
			buildSettings = {
				ALWAYS_EMBED_SWIFT_STANDARD_LIBRARIES = YES;
				CODE_SIGN_STYLE = Automatic;
				CURRENT_PROJECT_VERSION = 1;
				DEVELOPMENT_TEAM = THQHXZM7R8;
				GENERATE_INFOPLIST_FILE = YES;
				MARKETING_VERSION = 1.0;
				PRODUCT_BUNDLE_IDENTIFIER = com.grayzhen.SwiftConcurrencyUITests;
				PRODUCT_NAME = "$(TARGET_NAME)";
				SWIFT_EMIT_LOC_STRINGS = NO;
				SWIFT_VERSION = 5.0;
				TARGETED_DEVICE_FAMILY = "1,2";
				TEST_TARGET_NAME = SwiftConcurrency;
			};
			name = Release;
		};
/* End XCBuildConfiguration section */

/* Begin XCConfigurationList section */
		EB53C1F32C595F7600D4810E /* Build configuration list for PBXProject "SwiftConcurrency" */ = {
			isa = XCConfigurationList;
			buildConfigurations = (
				EB53C21A2C595F7700D4810E /* Debug */,
				EB53C21B2C595F7700D4810E /* Release */,
			);
			defaultConfigurationIsVisible = 0;
			defaultConfigurationName = Release;
		};
		EB53C21C2C595F7700D4810E /* Build configuration list for PBXNativeTarget "SwiftConcurrency" */ = {
			isa = XCConfigurationList;
			buildConfigurations = (
				EB53C21D2C595F7700D4810E /* Debug */,
				EB53C21E2C595F7700D4810E /* Release */,
			);
			defaultConfigurationIsVisible = 0;
			defaultConfigurationName = Release;
		};
		EB53C21F2C595F7700D4810E /* Build configuration list for PBXNativeTarget "SwiftConcurrencyTests" */ = {
			isa = XCConfigurationList;
			buildConfigurations = (
				EB53C2202C595F7700D4810E /* Debug */,
				EB53C2212C595F7700D4810E /* Release */,
			);
			defaultConfigurationIsVisible = 0;
			defaultConfigurationName = Release;
		};
		EB53C2222C595F7700D4810E /* Build configuration list for PBXNativeTarget "SwiftConcurrencyUITests" */ = {
			isa = XCConfigurationList;
			buildConfigurations = (
				EB53C2232C595F7700D4810E /* Debug */,
				EB53C2242C595F7700D4810E /* Release */,
			);
			defaultConfigurationIsVisible = 0;
			defaultConfigurationName = Release;
		};
/* End XCConfigurationList section */
	};
	rootObject = EB53C1F02C595F7600D4810E /* Project object */;
}
